lockfileVersion: '9.0'

settings:
  autoInstallPeers: false
  excludeLinksFromLockfile: false

importers:

  .: {}

  apps/1-4/calm-with-me: {}

  apps/1-4/drawing-writing-foundations: {}

  apps/1-4/imitate-one-step: {}

  apps/1-4/plan-runner-360: {}

  apps/1-4/say-and-name: {}

  apps/1-4/screen-to-move: {}

  packages/contracts: {}
